<?xml version="1.0" encoding="utf-8"?>
<Project ToolsVersion="4.0" xmlns="http://schemas.microsoft.com/developer/msbuild/2003">
  <ItemGroup>
    <Filter Include="Commun">
      <UniqueIdentifier>{0ae1b1e6-7e1c-4983-81ab-7af827c771aa}</UniqueIdentifier>
    </Filter>
    <Filter Include="Commun\Mémoire">
      <UniqueIdentifier>{4ec5595e-499a-4575-b97e-6374b2aec7c1}</UniqueIdentifier>
    </Filter>
    <Filter Include="Commun\System">
      <UniqueIdentifier>{25fc1863-9206-4ad1-91df-530a55c0b612}</UniqueIdentifier>
    </Filter>
    <Filter Include="Commun\Texte">
      <UniqueIdentifier>{aded5a5b-2206-4ae0-ab67-b4b157f86965}</UniqueIdentifier>
    </Filter>
  </ItemGroup>
  <ItemGroup>
    <ClCompile Include="KiwiTaskmgr.cpp" />
    <ClCompile Include="..\generic_patch.cpp">
      <Filter>Commun</Filter>
    </ClCompile>
    <ClCompile Include="..\..\modules\mod_process.cpp">
      <Filter>Commun\System</Filter>
    </ClCompile>
    <ClCompile Include="..\..\modules\mod_memory.cpp">
      <Filter>Commun\Mémoire</Filter>
    </ClCompile>
    <ClCompile Include="..\..\modules\mod_system.cpp">
      <Filter>Commun\System</Filter>
    </ClCompile>
    <ClCompile Include="..\..\modules\mod_text.cpp">
      <Filter>Commun\Texte</Filter>
    </ClCompile>
  </ItemGroup>
  <ItemGroup>
    <ResourceCompile Include="KiwiTaskmgr.rc" />
  </ItemGroup>
  <ItemGroup>
    <ClInclude Include="..\generic_patch.h">
      <Filter>Commun</Filter>
    </ClInclude>
    <ClInclude Include="..\..\modules\mod_ntddk.h">
      <Filter>Commun\System</Filter>
    </ClInclude>
    <ClInclude Include="..\..\modules\mod_process.h">
      <Filter>Commun\System</Filter>
    </ClInclude>
    <ClInclude Include="..\..\modules\mod_memory.h">
      <Filter>Commun\Mémoire</Filter>
    </ClInclude>
    <ClInclude Include="..\..\modules\mod_system.h">
      <Filter>Commun\System</Filter>
    </ClInclude>
    <ClInclude Include="..\..\modules\mod_text.h">
      <Filter>Commun\Texte</Filter>
    </ClInclude>
  </ItemGroup>
</Project>