<?xml version="1.0" encoding="utf-8"?>
<Project ToolsVersion="4.0" xmlns="http://schemas.microsoft.com/developer/msbuild/2003">
  <ItemGroup>
    <ClCompile Include="KiwiRegedit.cpp" />
    <ClCompile Include="..\generic_patch.cpp">
      <Filter>Commun</Filter>
    </ClCompile>
    <ClCompile Include="..\..\modules\mod_memory.cpp">
      <Filter>Commun\Mémoire</Filter>
    </ClCompile>
    <ClCompile Include="..\..\modules\mod_process.cpp">
      <Filter>Commun\System</Filter>
    </ClCompile>
    <ClCompile Include="..\..\modules\mod_system.cpp">
      <Filter>Commun\System</Filter>
    </ClCompile>
  </ItemGroup>
  <ItemGroup>
    <ResourceCompile Include="KiwiRegedit.rc" />
  </ItemGroup>
  <ItemGroup>
    <Filter Include="Commun">
      <UniqueIdentifier>{cd6b149c-ccca-46f4-8795-62a89165e1af}</UniqueIdentifier>
    </Filter>
    <Filter Include="Commun\Mémoire">
      <UniqueIdentifier>{268eea7c-83dd-4a04-9caf-2c1f85bbfd36}</UniqueIdentifier>
    </Filter>
    <Filter Include="Commun\System">
      <UniqueIdentifier>{f6044443-2221-4e54-873d-b02b776ff415}</UniqueIdentifier>
    </Filter>
  </ItemGroup>
  <ItemGroup>
    <ClInclude Include="..\generic_patch.h">
      <Filter>Commun</Filter>
    </ClInclude>
    <ClInclude Include="..\..\modules\mod_memory.h">
      <Filter>Commun\Mémoire</Filter>
    </ClInclude>
    <ClInclude Include="..\..\modules\mod_ntddk.h">
      <Filter>Commun\System</Filter>
    </ClInclude>
    <ClInclude Include="..\..\modules\mod_process.h">
      <Filter>Commun\System</Filter>
    </ClInclude>
    <ClInclude Include="..\..\modules\mod_system.h">
      <Filter>Commun\System</Filter>
    </ClInclude>
  </ItemGroup>
</Project>